
Microsoft Visual Studio Solution File, Format Version 12.00
# Visual Studio Version 17
VisualStudioVersion = 17.14.36616.10 d17.14
MinimumVisualStudioVersion = 10.0.40219.1
Project("{FAE04EC0-301F-11D3-BF4B-00C04F79EFBC}") = "Publishing House", "Publishing House.csproj", "{E67922C2-4FFE-4A3D-9C25-2D50605DFEE1}"
EndProject
Global
	GlobalSection(SolutionConfigurationPlatforms) = preSolution
		Debug|Any CPU = Debug|Any CPU
		Release|Any CPU = Release|Any CPU
	EndGlobalSection
	GlobalSection(ProjectConfigurationPlatforms) = postSolution
		{E67922C2-4FFE-4A3D-9C25-2D50605DFEE1}.Debug|Any CPU.ActiveCfg = Debug|Any CPU
		{E67922C2-4FFE-4A3D-9C25-2D50605DFEE1}.Debug|Any CPU.Build.0 = Debug|Any CPU
		{E67922C2-4FFE-4A3D-9C25-2D50605DFEE1}.Release|Any CPU.ActiveCfg = Release|Any CPU
		{E67922C2-4FFE-4A3D-9C25-2D50605DFEE1}.Release|Any CPU.Build.0 = Release|Any CPU
	EndGlobalSection
	GlobalSection(SolutionProperties) = preSolution
		HideSolutionNode = FALSE
	EndGlobalSection
	GlobalSection(ExtensibilityGlobals) = postSolution
		SolutionGuid = {09A369A0-3D01-4FF2-A313-21A1D77E2EF8}
	EndGlobalSection
EndGlobal
